// !$*UTF8*$!
{
	archiveVersion = 1;
	classes = {
	};
	objectVersion = 48;
	objects = {

/* Begin PBXBuildFile section */
		E71066261FBF1DAB00287700 /* AppDelegate.swift in Sources */ = {isa = PBXBuildFile; fileRef = E71066251FBF1DAB00287700 /* AppDelegate.swift */; };
		E71066281FBF1DAB00287700 /* ViewController.swift in Sources */ = {isa = PBXBuildFile; fileRef = E71066271FBF1DAB00287700 /* ViewController.swift */; };
		E710662B1FBF1DAB00287700 /* Main.storyboard in Resources */ = {isa = PBXBuildFile; fileRef = E71066291FBF1DAB00287700 /* Main.storyboard */; };
		E710662D1FBF1DAB00287700 /* Assets.xcassets in Resources */ = {isa = PBXBuildFile; fileRef = E710662C1FBF1DAB00287700 /* Assets.xcassets */; };
		E71066301FBF1DAB00287700 /* LaunchScreen.storyboard in Resources */ = {isa = PBXBuildFile; fileRef = E710662E1FBF1DAB00287700 /* LaunchScreen.storyboard */; };
		E710663B1FBF1DAB00287700 /* PernAppTests.swift in Sources */ = {isa = PBXBuildFile; fileRef = E710663A1FBF1DAB00287700 /* PernAppTests.swift */; };
		E71066461FBF1DAB00287700 /* PernAppUITests.swift in Sources */ = {isa = PBXBuildFile; fileRef = E71066451FBF1DAB00287700 /* PernAppUITests.swift */; };
/* End PBXBuildFile section */

/* Begin PBXContainerItemProxy section */
		E71066371FBF1DAB00287700 /* PBXContainerItemProxy */ = {
			isa = PBXContainerItemProxy;
			containerPortal = E710661A1FBF1DAB00287700 /* Project object */;
			proxyType = 1;
			remoteGlobalIDString = E71066211FBF1DAB00287700;
			remoteInfo = PernApp;
		};
		E71066421FBF1DAB00287700 /* PBXContainerItemProxy */ = {
			isa = PBXContainerItemProxy;
			containerPortal = E710661A1FBF1DAB00287700 /* Project object */;
			proxyType = 1;
			remoteGlobalIDString = E71066211FBF1DAB00287700;
			remoteInfo = PernApp;
		};
/* End PBXContainerItemProxy section */

/* Begin PBXFileReference section */
		E71066221FBF1DAB00287700 /* PernApp.app */ = {isa = PBXFileReference; explicitFileType = wrapper.application; includeInIndex = 0; path = PernApp.app; sourceTree = BUILT_PRODUCTS_DIR; };
		E71066251FBF1DAB00287700 /* AppDelegate.swift */ = {isa = PBXFileReference; lastKnownFileType = sourcecode.swift; path = AppDelegate.swift; sourceTree = "<group>"; };
		E71066271FBF1DAB00287700 /* ViewController.swift */ = {isa = PBXFileReference; lastKnownFileType = sourcecode.swift; path = ViewController.swift; sourceTree = "<group>"; };
		E710662A1FBF1DAB00287700 /* Base */ = {isa = PBXFileReference; lastKnownFileType = file.storyboard; name = Base; path = Base.lproj/Main.storyboard; sourceTree = "<group>"; };
		E710662C1FBF1DAB00287700 /* Assets.xcassets */ = {isa = PBXFileReference; lastKnownFileType = folder.assetcatalog; path = Assets.xcassets; sourceTree = "<group>"; };
		E710662F1FBF1DAB00287700 /* Base */ = {isa = PBXFileReference; lastKnownFileType = file.storyboard; name = Base; path = Base.lproj/LaunchScreen.storyboard; sourceTree = "<group>"; };
		E71066311FBF1DAB00287700 /* Info.plist */ = {isa = PBXFileReference; lastKnownFileType = text.plist.xml; path = Info.plist; sourceTree = "<group>"; };
		E71066361FBF1DAB00287700 /* PernAppTests.xctest */ = {isa = PBXFileReference; explicitFileType = wrapper.cfbundle; includeInIndex = 0; path = PernAppTests.xctest; sourceTree = BUILT_PRODUCTS_DIR; };
		E710663A1FBF1DAB00287700 /* PernAppTests.swift */ = {isa = PBXFileReference; lastKnownFileType = sourcecode.swift; path = PernAppTests.swift; sourceTree = "<group>"; };
		E710663C1FBF1DAB00287700 /* Info.plist */ = {isa = PBXFileReference; lastKnownFileType = text.plist.xml; path = Info.plist; sourceTree = "<group>"; };
		E71066411FBF1DAB00287700 /* PernAppUITests.xctest */ = {isa = PBXFileReference; explicitFileType = wrapper.cfbundle; includeInIndex = 0; path = PernAppUITests.xctest; sourceTree = BUILT_PRODUCTS_DIR; };
		E71066451FBF1DAB00287700 /* PernAppUITests.swift */ = {isa = PBXFileReference; lastKnownFileType = sourcecode.swift; path = PernAppUITests.swift; sourceTree = "<group>"; };
		E71066471FBF1DAB00287700 /* Info.plist */ = {isa = PBXFileReference; lastKnownFileType = text.plist.xml; path = Info.plist; sourceTree = "<group>"; };
/* End PBXFileReference section */

/* Begin PBXFrameworksBuildPhase section */
		E710661F1FBF1DAB00287700 /* Frameworks */ = {
			isa = PBXFrameworksBuildPhase;
			buildActionMask = 2147483647;
			files = (
			);
			runOnlyForDeploymentPostprocessing = 0;
		};
		E71066331FBF1DAB00287700 /* Frameworks */ = {
			isa = PBXFrameworksBuildPhase;
			buildActionMask = 2147483647;
			files = (
			);
			runOnlyForDeploymentPostprocessing = 0;
		};
		E710663E1FBF1DAB00287700 /* Frameworks */ = {
			isa = PBXFrameworksBuildPhase;
			buildActionMask = 2147483647;
			files = (
			);
			runOnlyForDeploymentPostprocessing = 0;
		};
/* End PBXFrameworksBuildPhase section */

/* Begin PBXGroup section */
		E71066191FBF1DAB00287700 = {
			isa = PBXGroup;
			children = (
				E71066241FBF1DAB00287700 /* PernApp */,
				E71066391FBF1DAB00287700 /* PernAppTests */,
				E71066441FBF1DAB00287700 /* PernAppUITests */,
				E71066231FBF1DAB00287700 /* Products */,
			);
			sourceTree = "<group>";
		};
		E71066231FBF1DAB00287700 /* Products */ = {
			isa = PBXGroup;
			children = (
				E71066221FBF1DAB00287700 /* PernApp.app */,
				E71066361FBF1DAB00287700 /* PernAppTests.xctest */,
				E71066411FBF1DAB00287700 /* PernAppUITests.xctest */,
			);
			name = Products;
			sourceTree = "<group>";
		};
		E71066241FBF1DAB00287700 /* PernApp */ = {
			isa = PBXGroup;
			children = (
				E71066251FBF1DAB00287700 /* AppDelegate.swift */,
				E71066271FBF1DAB00287700 /* ViewController.swift */,
				E71066291FBF1DAB00287700 /* Main.storyboard */,
				E710662C1FBF1DAB00287700 /* Assets.xcassets */,
				E710662E1FBF1DAB00287700 /* LaunchScreen.storyboard */,
				E71066311FBF1DAB00287700 /* Info.plist */,
			);
			path = PernApp;
			sourceTree = "<group>";
		};
		E71066391FBF1DAB00287700 /* PernAppTests */ = {
			isa = PBXGroup;
			children = (
				E710663A1FBF1DAB00287700 /* PernAppTests.swift */,
				E710663C1FBF1DAB00287700 /* Info.plist */,
			);
			path = PernAppTests;
			sourceTree = "<group>";
		};
		E71066441FBF1DAB00287700 /* PernAppUITests */ = {
			isa = PBXGroup;
			children = (
				E71066451FBF1DAB00287700 /* PernAppUITests.swift */,
				E71066471FBF1DAB00287700 /* Info.plist */,
			);
			path = PernAppUITests;
			sourceTree = "<group>";
		};
/* End PBXGroup section */

/* Begin PBXNativeTarget section */
		E71066211FBF1DAB00287700 /* PernApp */ = {
			isa = PBXNativeTarget;
			buildConfigurationList = E710664A1FBF1DAB00287700 /* Build configuration list for PBXNativeTarget "PernApp" */;
			buildPhases = (
				E710661E1FBF1DAB00287700 /* Sources */,
				E710661F1FBF1DAB00287700 /* Frameworks */,
				E71066201FBF1DAB00287700 /* Resources */,
			);
			buildRules = (
			);
			dependencies = (
			);
			name = PernApp;
			productName = PernApp;
			productReference = E71066221FBF1DAB00287700 /* PernApp.app */;
			productType = "com.apple.product-type.application";
		};
		E71066351FBF1DAB00287700 /* PernAppTests */ = {
			isa = PBXNativeTarget;
			buildConfigurationList = E710664D1FBF1DAB00287700 /* Build configuration list for PBXNativeTarget "PernAppTests" */;
			buildPhases = (
				E71066321FBF1DAB00287700 /* Sources */,
				E71066331FBF1DAB00287700 /* Frameworks */,
				E71066341FBF1DAB00287700 /* Resources */,
			);
			buildRules = (
			);
			dependencies = (
				E71066381FBF1DAB00287700 /* PBXTargetDependency */,
			);
			name = PernAppTests;
			productName = PernAppTests;
			productReference = E71066361FBF1DAB00287700 /* PernAppTests.xctest */;
			productType = "com.apple.product-type.bundle.unit-test";
		};
		E71066401FBF1DAB00287700 /* PernAppUITests */ = {
			isa = PBXNativeTarget;
			buildConfigurationList = E71066501FBF1DAB00287700 /* Build configuration list for PBXNativeTarget "PernAppUITests" */;
			buildPhases = (
				E710663D1FBF1DAB00287700 /* Sources */,
				E710663E1FBF1DAB00287700 /* Frameworks */,
				E710663F1FBF1DAB00287700 /* Resources */,
			);
			buildRules = (
			);
			dependencies = (
				E71066431FBF1DAB00287700 /* PBXTargetDependency */,
			);
			name = PernAppUITests;
			productName = PernAppUITests;
			productReference = E71066411FBF1DAB00287700 /* PernAppUITests.xctest */;
			productType = "com.apple.product-type.bundle.ui-testing";
		};
/* End PBXNativeTarget section */

/* Begin PBXProject section */
		E710661A1FBF1DAB00287700 /* Project object */ = {
			isa = PBXProject;
			attributes = {
				LastSwiftUpdateCheck = 0910;
				LastUpgradeCheck = 0910;
				ORGANIZATIONNAME = "Andrea Mignano";
				TargetAttributes = {
					E71066211FBF1DAB00287700 = {
						CreatedOnToolsVersion = 9.1;
						ProvisioningStyle = Automatic;
					};
					E71066351FBF1DAB00287700 = {
						CreatedOnToolsVersion = 9.1;
						ProvisioningStyle = Automatic;
						TestTargetID = E71066211FBF1DAB00287700;
					};
					E71066401FBF1DAB00287700 = {
						CreatedOnToolsVersion = 9.1;
						ProvisioningStyle = Automatic;
						TestTargetID = E71066211FBF1DAB00287700;
					};
				};
			};
			buildConfigurationList = E710661D1FBF1DAB00287700 /* Build configuration list for PBXProject "PernApp" */;
			compatibilityVersion = "Xcode 8.0";
			developmentRegion = en;
			hasScannedForEncodings = 0;
			knownRegions = (
				en,
				Base,
			);
			mainGroup = E71066191FBF1DAB00287700;
			productRefGroup = E71066231FBF1DAB00287700 /* Products */;
			projectDirPath = "";
			projectRoot = "";
			targets = (
				E71066211FBF1DAB00287700 /* PernApp */,
				E71066351FBF1DAB00287700 /* PernAppTests */,
				E71066401FBF1DAB00287700 /* PernAppUITests */,
			);
		};
/* End PBXProject section */

/* Begin PBXResourcesBuildPhase section */
		E71066201FBF1DAB00287700 /* Resources */ = {
			isa = PBXResourcesBuildPhase;
			buildActionMask = 2147483647;
			files = (
				E71066301FBF1DAB00287700 /* LaunchScreen.storyboard in Resources */,
				E710662D1FBF1DAB00287700 /* Assets.xcassets in Resources */,
				E710662B1FBF1DAB00287700 /* Main.storyboard in Resources */,
			);
			runOnlyForDeploymentPostprocessing = 0;
		};
		E71066341FBF1DAB00287700 /* Resources */ = {
			isa = PBXResourcesBuildPhase;
			buildActionMask = 2147483647;
			files = (
			);
			runOnlyForDeploymentPostprocessing = 0;
		};
		E710663F1FBF1DAB00287700 /* Resources */ = {
			isa = PBXResourcesBuildPhase;
			buildActionMask = 2147483647;
			files = (
			);
			runOnlyForDeploymentPostprocessing = 0;
		};
/* End PBXResourcesBuildPhase section */

/* Begin PBXSourcesBuildPhase section */
		E710661E1FBF1DAB00287700 /* Sources */ = {
			isa = PBXSourcesBuildPhase;
			buildActionMask = 2147483647;
			files = (
				E71066281FBF1DAB00287700 /* ViewController.swift in Sources */,
				E71066261FBF1DAB00287700 /* AppDelegate.swift in Sources */,
			);
			runOnlyForDeploymentPostprocessing = 0;
		};
		E71066321FBF1DAB00287700 /* Sources */ = {
			isa = PBXSourcesBuildPhase;
			buildActionMask = 2147483647;
			files = (
				E710663B1FBF1DAB00287700 /* PernAppTests.swift in Sources */,
			);
			runOnlyForDeploymentPostprocessing = 0;
		};
		E710663D1FBF1DAB00287700 /* Sources */ = {
			isa = PBXSourcesBuildPhase;
			buildActionMask = 2147483647;
			files = (
				E71066461FBF1DAB00287700 /* PernAppUITests.swift in Sources */,
			);
			runOnlyForDeploymentPostprocessing = 0;
		};
/* End PBXSourcesBuildPhase section */

/* Begin PBXTargetDependency section */
		E71066381FBF1DAB00287700 /* PBXTargetDependency */ = {
			isa = PBXTargetDependency;
			target = E71066211FBF1DAB00287700 /* PernApp */;
			targetProxy = E71066371FBF1DAB00287700 /* PBXContainerItemProxy */;
		};
		E71066431FBF1DAB00287700 /* PBXTargetDependency */ = {
			isa = PBXTargetDependency;
			target = E71066211FBF1DAB00287700 /* PernApp */;
			targetProxy = E71066421FBF1DAB00287700 /* PBXContainerItemProxy */;
		};
/* End PBXTargetDependency section */

/* Begin PBXVariantGroup section */
		E71066291FBF1DAB00287700 /* Main.storyboard */ = {
			isa = PBXVariantGroup;
			children = (
				E710662A1FBF1DAB00287700 /* Base */,
			);
			name = Main.storyboard;
			sourceTree = "<group>";
		};
		E710662E1FBF1DAB00287700 /* LaunchScreen.storyboard */ = {
			isa = PBXVariantGroup;
			children = (
				E710662F1FBF1DAB00287700 /* Base */,
			);
			name = LaunchScreen.storyboard;
			sourceTree = "<group>";
		};
/* End PBXVariantGroup section */

/* Begin XCBuildConfiguration section */
		E71066481FBF1DAB00287700 /* Debug */ = {
			isa = XCBuildConfiguration;
			buildSettings = {
				ALWAYS_SEARCH_USER_PATHS = NO;
				CLANG_ANALYZER_NONNULL = YES;
				CLANG_ANALYZER_NUMBER_OBJECT_CONVERSION = YES_AGGRESSIVE;
				CLANG_CXX_LANGUAGE_STANDARD = "gnu++14";
				CLANG_CXX_LIBRARY = "libc++";
				CLANG_ENABLE_MODULES = YES;
				CLANG_ENABLE_OBJC_ARC = YES;
				CLANG_WARN_BLOCK_CAPTURE_AUTORELEASING = YES;
				CLANG_WARN_BOOL_CONVERSION = YES;
				CLANG_WARN_COMMA = YES;
				CLANG_WARN_CONSTANT_CONVERSION = YES;
				CLANG_WARN_DIRECT_OBJC_ISA_USAGE = YES_ERROR;
				CLANG_WARN_DOCUMENTATION_COMMENTS = YES;
				CLANG_WARN_EMPTY_BODY = YES;
				CLANG_WARN_ENUM_CONVERSION = YES;
				CLANG_WARN_INFINITE_RECURSION = YES;
				CLANG_WARN_INT_CONVERSION = YES;
				CLANG_WARN_NON_LITERAL_NULL_CONVERSION = YES;
				CLANG_WARN_OBJC_LITERAL_CONVERSION = YES;
				CLANG_WARN_OBJC_ROOT_CLASS = YES_ERROR;
				CLANG_WARN_RANGE_LOOP_ANALYSIS = YES;
				CLANG_WARN_STRICT_PROTOTYPES = YES;
				CLANG_WARN_SUSPICIOUS_MOVE = YES;
				CLANG_WARN_UNGUARDED_AVAILABILITY = YES_AGGRESSIVE;
				CLANG_WARN_UNREACHABLE_CODE = YES;
				CLANG_WARN__DUPLICATE_METHOD_MATCH = YES;
				CODE_SIGN_IDENTITY = "iPhone Developer";
				COPY_PHASE_STRIP = NO;
				DEBUG_INFORMATION_FORMAT = dwarf;
				ENABLE_STRICT_OBJC_MSGSEND = YES;
				ENABLE_TESTABILITY = YES;
				GCC_C_LANGUAGE_STANDARD = gnu11;
				GCC_DYNAMIC_NO_PIC = NO;
				GCC_NO_COMMON_BLOCKS = YES;
				GCC_OPTIMIZATION_LEVEL = 0;
				GCC_PREPROCESSOR_DEFINITIONS = (
					"DEBUG=1",
					"$(inherited)",
				);
				GCC_WARN_64_TO_32_BIT_CONVERSION = YES;
				GCC_WARN_ABOUT_RETURN_TYPE = YES_ERROR;
				GCC_WARN_UNDECLARED_SELECTOR = YES;
				GCC_WARN_UNINITIALIZED_AUTOS = YES_AGGRESSIVE;
				GCC_WARN_UNUSED_FUNCTION = YES;
				GCC_WARN_UNUSED_VARIABLE = YES;
				IPHONEOS_DEPLOYMENT_TARGET = 11.1;
				MTL_ENABLE_DEBUG_INFO = YES;
				ONLY_ACTIVE_ARCH = YES;
				SDKROOT = iphoneos;
				SWIFT_ACTIVE_COMPILATION_CONDITIONS = DEBUG;
				SWIFT_OPTIMIZATION_LEVEL = "-Onone";
			};
			name = Debug;
		};
		E71066491FBF1DAB00287700 /* Release */ = {
			isa = XCBuildConfiguration;
			buildSettings = {
				ALWAYS_SEARCH_USER_PATHS = NO;
				CLANG_ANALYZER_NONNULL = YES;
				CLANG_ANALYZER_NUMBER_OBJECT_CONVERSION = YES_AGGRESSIVE;
				CLANG_CXX_LANGUAGE_STANDARD = "gnu++14";
				CLANG_CXX_LIBRARY = "libc++";
				CLANG_ENABLE_MODULES = YES;
				CLANG_ENABLE_OBJC_ARC = YES;
				CLANG_WARN_BLOCK_CAPTURE_AUTORELEASING = YES;
				CLANG_WARN_BOOL_CONVERSION = YES;
				CLANG_WARN_COMMA = YES;
				CLANG_WARN_CONSTANT_CONVERSION = YES;
				CLANG_WARN_DIRECT_OBJC_ISA_USAGE = YES_ERROR;
				CLANG_WARN_DOCUMENTATION_COMMENTS = YES;
				CLANG_WARN_EMPTY_BODY = YES;
				CLANG_WARN_ENUM_CONVERSION = YES;
				CLANG_WARN_INFINITE_RECURSION = YES;
				CLANG_WARN_INT_CONVERSION = YES;
				CLANG_WARN_NON_LITERAL_NULL_CONVERSION = YES;
				CLANG_WARN_OBJC_LITERAL_CONVERSION = YES;
				CLANG_WARN_OBJC_ROOT_CLASS = YES_ERROR;
				CLANG_WARN_RANGE_LOOP_ANALYSIS = YES;
				CLANG_WARN_STRICT_PROTOTYPES = YES;
				CLANG_WARN_SUSPICIOUS_MOVE = YES;
				CLANG_WARN_UNGUARDED_AVAILABILITY = YES_AGGRESSIVE;
				CLANG_WARN_UNREACHABLE_CODE = YES;
				CLANG_WARN__DUPLICATE_METHOD_MATCH = YES;
				CODE_SIGN_IDENTITY = "iPhone Developer";
				COPY_PHASE_STRIP = NO;
				DEBUG_INFORMATION_FORMAT = "dwarf-with-dsym";
				ENABLE_NS_ASSERTIONS = NO;
				ENABLE_STRICT_OBJC_MSGSEND = YES;
				GCC_C_LANGUAGE_STANDARD = gnu11;
				GCC_NO_COMMON_BLOCKS = YES;
				GCC_WARN_64_TO_32_BIT_CONVERSION = YES;
				GCC_WARN_ABOUT_RETURN_TYPE = YES_ERROR;
				GCC_WARN_UNDECLARED_SELECTOR = YES;
				GCC_WARN_UNINITIALIZED_AUTOS = YES_AGGRESSIVE;
				GCC_WARN_UNUSED_FUNCTION = YES;
				GCC_WARN_UNUSED_VARIABLE = YES;
				IPHONEOS_DEPLOYMENT_TARGET = 11.1;
				MTL_ENABLE_DEBUG_INFO = NO;
				SDKROOT = iphoneos;
				SWIFT_OPTIMIZATION_LEVEL = "-Owholemodule";
				VALIDATE_PRODUCT = YES;
			};
			name = Release;
		};
		E710664B1FBF1DAB00287700 /* Debug */ = {
			isa = XCBuildConfiguration;
			buildSettings = {
				ASSETCATALOG_COMPILER_APPICON_NAME = AppIcon;
				CODE_SIGN_STYLE = Automatic;
				DEVELOPMENT_TEAM = 7QBZ92K7XW;
				INFOPLIST_FILE = PernApp/Info.plist;
				LD_RUNPATH_SEARCH_PATHS = "$(inherited) @executable_path/Frameworks";
				PRODUCT_BUNDLE_IDENTIFIER = amig22.PernApp;
				PRODUCT_NAME = "$(TARGET_NAME)";
				SWIFT_VERSION = 4.0;
				TARGETED_DEVICE_FAMILY = "1,2";
			};
			name = Debug;
		};
		E710664C1FBF1DAB00287700 /* Release */ = {
			isa = XCBuildConfiguration;
			buildSettings = {
				ASSETCATALOG_COMPILER_APPICON_NAME = AppIcon;
				CODE_SIGN_STYLE = Automatic;
				DEVELOPMENT_TEAM = 7QBZ92K7XW;
				INFOPLIST_FILE = PernApp/Info.plist;
				LD_RUNPATH_SEARCH_PATHS = "$(inherited) @executable_path/Frameworks";
				PRODUCT_BUNDLE_IDENTIFIER = amig22.PernApp;
				PRODUCT_NAME = "$(TARGET_NAME)";
				SWIFT_VERSION = 4.0;
				TARGETED_DEVICE_FAMILY = "1,2";
			};
			name = Release;
		};
		E710664E1FBF1DAB00287700 /* Debug */ = {
			isa = XCBuildConfiguration;
			buildSettings = {
				ALWAYS_EMBED_SWIFT_STANDARD_LIBRARIES = YES;
				BUNDLE_LOADER = "$(TEST_HOST)";
				CODE_SIGN_STYLE = Automatic;
				DEVELOPMENT_TEAM = 7QBZ92K7XW;
				INFOPLIST_FILE = PernAppTests/Info.plist;
				LD_RUNPATH_SEARCH_PATHS = "$(inherited) @executable_path/Frameworks @loader_path/Frameworks";
				PRODUCT_BUNDLE_IDENTIFIER = amig22.PernAppTests;
				PRODUCT_NAME = "$(TARGET_NAME)";
				SWIFT_VERSION = 4.0;
				TARGETED_DEVICE_FAMILY = "1,2";
				TEST_HOST = "$(BUILT_PRODUCTS_DIR)/PernApp.app/PernApp";
			};
			name = Debug;
		};
		E710664F1FBF1DAB00287700 /* Release */ = {
			isa = XCBuildConfiguration;
			buildSettings = {
				ALWAYS_EMBED_SWIFT_STANDARD_LIBRARIES = YES;
				BUNDLE_LOADER = "$(TEST_HOST)";
				CODE_SIGN_STYLE = Automatic;
				DEVELOPMENT_TEAM = 7QBZ92K7XW;
				INFOPLIST_FILE = PernAppTests/Info.plist;
				LD_RUNPATH_SEARCH_PATHS = "$(inherited) @executable_path/Frameworks @loader_path/Frameworks";
				PRODUCT_BUNDLE_IDENTIFIER = amig22.PernAppTests;
				PRODUCT_NAME = "$(TARGET_NAME)";
				SWIFT_VERSION = 4.0;
				TARGETED_DEVICE_FAMILY = "1,2";
				TEST_HOST = "$(BUILT_PRODUCTS_DIR)/PernApp.app/PernApp";
			};
			name = Release;
		};
		E71066511FBF1DAB00287700 /* Debug */ = {
			isa = XCBuildConfiguration;
			buildSettings = {
				ALWAYS_EMBED_SWIFT_STANDARD_LIBRARIES = YES;
				CODE_SIGN_STYLE = Automatic;
				DEVELOPMENT_TEAM = 7QBZ92K7XW;
				INFOPLIST_FILE = PernAppUITests/Info.plist;
				LD_RUNPATH_SEARCH_PATHS = "$(inherited) @executable_path/Frameworks @loader_path/Frameworks";
				PRODUCT_BUNDLE_IDENTIFIER = amig22.PernAppUITests;
				PRODUCT_NAME = "$(TARGET_NAME)";
				SWIFT_VERSION = 4.0;
				TARGETED_DEVICE_FAMILY = "1,2";
				TEST_TARGET_NAME = PernApp;
			};
			name = Debug;
		};
		E71066521FBF1DAB00287700 /* Release */ = {
			isa = XCBuildConfiguration;
			buildSettings = {
				ALWAYS_EMBED_SWIFT_STANDARD_LIBRARIES = YES;
				CODE_SIGN_STYLE = Automatic;
				DEVELOPMENT_TEAM = 7QBZ92K7XW;
				INFOPLIST_FILE = PernAppUITests/Info.plist;
				LD_RUNPATH_SEARCH_PATHS = "$(inherited) @executable_path/Frameworks @loader_path/Frameworks";
				PRODUCT_BUNDLE_IDENTIFIER = amig22.PernAppUITests;
				PRODUCT_NAME = "$(TARGET_NAME)";
				SWIFT_VERSION = 4.0;
				TARGETED_DEVICE_FAMILY = "1,2";
				TEST_TARGET_NAME = PernApp;
			};
			name = Release;
		};
/* End XCBuildConfiguration section */

/* Begin XCConfigurationList section */
		E710661D1FBF1DAB00287700 /* Build configuration list for PBXProject "PernApp" */ = {
			isa = XCConfigurationList;
			buildConfigurations = (
				E71066481FBF1DAB00287700 /* Debug */,
				E71066491FBF1DAB00287700 /* Release */,
			);
			defaultConfigurationIsVisible = 0;
			defaultConfigurationName = Release;
		};
		E710664A1FBF1DAB00287700 /* Build configuration list for PBXNativeTarget "PernApp" */ = {
			isa = XCConfigurationList;
			buildConfigurations = (
				E710664B1FBF1DAB00287700 /* Debug */,
				E710664C1FBF1DAB00287700 /* Release */,
			);
			defaultConfigurationIsVisible = 0;
			defaultConfigurationName = Release;
		};
		E710664D1FBF1DAB00287700 /* Build configuration list for PBXNativeTarget "PernAppTests" */ = {
			isa = XCConfigurationList;
			buildConfigurations = (
				E710664E1FBF1DAB00287700 /* Debug */,
				E710664F1FBF1DAB00287700 /* Release */,
			);
			defaultConfigurationIsVisible = 0;
			defaultConfigurationName = Release;
		};
		E71066501FBF1DAB00287700 /* Build configuration list for PBXNativeTarget "PernAppUITests" */ = {
			isa = XCConfigurationList;
			buildConfigurations = (
				E71066511FBF1DAB00287700 /* Debug */,
				E71066521FBF1DAB00287700 /* Release */,
			);
			defaultConfigurationIsVisible = 0;
			defaultConfigurationName = Release;
		};
/* End XCConfigurationList section */
	};
	rootObject = E710661A1FBF1DAB00287700 /* Project object */;
}
